
Microsoft Visual Studio Solution File, Format Version 12.00
# Visual Studio 15
VisualStudioVersion = 15.0.27703.2047
MinimumVisualStudioVersion = 10.0.40219.1
Project("{FAE04EC0-301F-11D3-BF4B-00C04F79EFBC}") = "Vivero", "Vivero\Vivero.csproj", "{1FD81FE4-A853-40D2-916C-D26FC5A2FA61}"
EndProject
Project("{FAE04EC0-301F-11D3-BF4B-00C04F79EFBC}") = "Vivero.Tests", "Vivero.Tests\Vivero.Tests.csproj", "{CFA72E51-54A6-4B51-A103-E1754B587043}"
EndProject
Global
	GlobalSection(SolutionConfigurationPlatforms) = preSolution
		Debug|Any CPU = Debug|Any CPU
		Release|Any CPU = Release|Any CPU
	EndGlobalSection
	GlobalSection(ProjectConfigurationPlatforms) = postSolution
		{1FD81FE4-A853-40D2-916C-D26FC5A2FA61}.Debug|Any CPU.ActiveCfg = Debug|Any CPU
		{1FD81FE4-A853-40D2-916C-D26FC5A2FA61}.Debug|Any CPU.Build.0 = Debug|Any CPU
		{1FD81FE4-A853-40D2-916C-D26FC5A2FA61}.Release|Any CPU.ActiveCfg = Release|Any CPU
		{1FD81FE4-A853-40D2-916C-D26FC5A2FA61}.Release|Any CPU.Build.0 = Release|Any CPU
		{CFA72E51-54A6-4B51-A103-E1754B587043}.Debug|Any CPU.ActiveCfg = Debug|Any CPU
		{CFA72E51-54A6-4B51-A103-E1754B587043}.Debug|Any CPU.Build.0 = Debug|Any CPU
		{CFA72E51-54A6-4B51-A103-E1754B587043}.Release|Any CPU.ActiveCfg = Release|Any CPU
		{CFA72E51-54A6-4B51-A103-E1754B587043}.Release|Any CPU.Build.0 = Release|Any CPU
	EndGlobalSection
	GlobalSection(SolutionProperties) = preSolution
		HideSolutionNode = FALSE
	EndGlobalSection
	GlobalSection(ExtensibilityGlobals) = postSolution
		SolutionGuid = {158D853A-6C21-44AE-AE17-939AA9AA3EA5}
	EndGlobalSection
EndGlobal
